{
  "object": {
    "pins": [
      {
        "package": "DSFAppearanceManager",
        "repositoryURL": "https://github.com/dagronf/DSFAppearanceManager",
        "state": {
          "branch": null,
          "revision": "2ea93f5e1c1dc40eea50cc4464948b0066aaad98",
          "version": "3.1.0"
        }
      }
    ]
  },
  "version": 1
}
