{
  "object": {
    "pins": [
      {
        "package": "DSFAppearanceManager",
        "repositoryURL": "https://github.com/dagronf/DSFAppearanceManager",
        "state": {
          "branch": null,
          "revision": "676cfd4e6aaa3cf6422990734c22544373db5c1a",
          "version": "3.3.0"
        }
      }
    ]
  },
  "version": 1
}
