// !$*UTF8*$!
{
	archiveVersion = 1;
	classes = {
	};
	objectVersion = 55;
	objects = {

/* Begin PBXBuildFile section */
		23139F3F26AA8F0C00432D9E /* SwiftUI_DemoApp.swift in Sources */ = {isa = PBXBuildFile; fileRef = 23139F3E26AA8F0C00432D9E /* SwiftUI_DemoApp.swift */; };
		23139F4126AA8F0C00432D9E /* ContentView.swift in Sources */ = {isa = PBXBuildFile; fileRef = 23139F4026AA8F0C00432D9E /* ContentView.swift */; };
		23139F4326AA8F0D00432D9E /* Assets.xcassets in Resources */ = {isa = PBXBuildFile; fileRef = 23139F4226AA8F0D00432D9E /* Assets.xcassets */; };
		23139F4626AA8F0D00432D9E /* Preview Assets.xcassets in Resources */ = {isa = PBXBuildFile; fileRef = 23139F4526AA8F0D00432D9E /* Preview Assets.xcassets */; };
		23139F4F26AA8F2D00432D9E /* DSFQuickActionBar in Frameworks */ = {isa = PBXBuildFile; productRef = 23139F4E26AA8F2D00432D9E /* DSFQuickActionBar */; };
		23139F5326AA980700432D9E /* SampleData.swift in Sources */ = {isa = PBXBuildFile; fileRef = 23139F5226AA980700432D9E /* SampleData.swift */; };
		23139F5526AAB5CA00432D9E /* FilterViewCell.swift in Sources */ = {isa = PBXBuildFile; fileRef = 23139F5426AAB5CA00432D9E /* FilterViewCell.swift */; };
		2345DCE328BF966C0092DA0F /* DocoContentView.swift in Sources */ = {isa = PBXBuildFile; fileRef = 2345DCE228BF966C0092DA0F /* DocoContentView.swift */; };
/* End PBXBuildFile section */

/* Begin PBXFileReference section */
		23139F3B26AA8F0C00432D9E /* SwiftUI Demo.app */ = {isa = PBXFileReference; explicitFileType = wrapper.application; includeInIndex = 0; path = "SwiftUI Demo.app"; sourceTree = BUILT_PRODUCTS_DIR; };
		23139F3E26AA8F0C00432D9E /* SwiftUI_DemoApp.swift */ = {isa = PBXFileReference; lastKnownFileType = sourcecode.swift; path = SwiftUI_DemoApp.swift; sourceTree = "<group>"; };
		23139F4026AA8F0C00432D9E /* ContentView.swift */ = {isa = PBXFileReference; lastKnownFileType = sourcecode.swift; path = ContentView.swift; sourceTree = "<group>"; };
		23139F4226AA8F0D00432D9E /* Assets.xcassets */ = {isa = PBXFileReference; lastKnownFileType = folder.assetcatalog; path = Assets.xcassets; sourceTree = "<group>"; };
		23139F4526AA8F0D00432D9E /* Preview Assets.xcassets */ = {isa = PBXFileReference; lastKnownFileType = folder.assetcatalog; path = "Preview Assets.xcassets"; sourceTree = "<group>"; };
		23139F4C26AA8F1A00432D9E /* DSFQuickActionBar */ = {isa = PBXFileReference; lastKnownFileType = folder; name = DSFQuickActionBar; path = ../..; sourceTree = "<group>"; };
		23139F5226AA980700432D9E /* SampleData.swift */ = {isa = PBXFileReference; fileEncoding = 4; lastKnownFileType = sourcecode.swift; name = SampleData.swift; path = "../../Simple Demo/Simple Demo/SampleData.swift"; sourceTree = "<group>"; };
		23139F5426AAB5CA00432D9E /* FilterViewCell.swift */ = {isa = PBXFileReference; lastKnownFileType = sourcecode.swift; path = FilterViewCell.swift; sourceTree = "<group>"; };
		2345DCE228BF966C0092DA0F /* DocoContentView.swift */ = {isa = PBXFileReference; lastKnownFileType = sourcecode.swift; path = DocoContentView.swift; sourceTree = "<group>"; };
/* End PBXFileReference section */

/* Begin PBXFrameworksBuildPhase section */
		23139F3826AA8F0C00432D9E /* Frameworks */ = {
			isa = PBXFrameworksBuildPhase;
			buildActionMask = 2147483647;
			files = (
				23139F4F26AA8F2D00432D9E /* DSFQuickActionBar in Frameworks */,
			);
			runOnlyForDeploymentPostprocessing = 0;
		};
/* End PBXFrameworksBuildPhase section */

/* Begin PBXGroup section */
		23139F3226AA8F0C00432D9E = {
			isa = PBXGroup;
			children = (
				23139F4C26AA8F1A00432D9E /* DSFQuickActionBar */,
				23139F3D26AA8F0C00432D9E /* SwiftUI Demo */,
				23139F3C26AA8F0C00432D9E /* Products */,
				23139F4D26AA8F2D00432D9E /* Frameworks */,
			);
			sourceTree = "<group>";
		};
		23139F3C26AA8F0C00432D9E /* Products */ = {
			isa = PBXGroup;
			children = (
				23139F3B26AA8F0C00432D9E /* SwiftUI Demo.app */,
			);
			name = Products;
			sourceTree = "<group>";
		};
		23139F3D26AA8F0C00432D9E /* SwiftUI Demo */ = {
			isa = PBXGroup;
			children = (
				23139F3E26AA8F0C00432D9E /* SwiftUI_DemoApp.swift */,
				23139F4026AA8F0C00432D9E /* ContentView.swift */,
				23139F5426AAB5CA00432D9E /* FilterViewCell.swift */,
				23139F5226AA980700432D9E /* SampleData.swift */,
				23139F4226AA8F0D00432D9E /* Assets.xcassets */,
				23139F4426AA8F0D00432D9E /* Preview Content */,
				2345DCE228BF966C0092DA0F /* DocoContentView.swift */,
			);
			path = "SwiftUI Demo";
			sourceTree = "<group>";
		};
		23139F4426AA8F0D00432D9E /* Preview Content */ = {
			isa = PBXGroup;
			children = (
				23139F4526AA8F0D00432D9E /* Preview Assets.xcassets */,
			);
			path = "Preview Content";
			sourceTree = "<group>";
		};
		23139F4D26AA8F2D00432D9E /* Frameworks */ = {
			isa = PBXGroup;
			children = (
			);
			name = Frameworks;
			sourceTree = "<group>";
		};
/* End PBXGroup section */

/* Begin PBXNativeTarget section */
		23139F3A26AA8F0C00432D9E /* SwiftUI Demo */ = {
			isa = PBXNativeTarget;
			buildConfigurationList = 23139F4926AA8F0D00432D9E /* Build configuration list for PBXNativeTarget "SwiftUI Demo" */;
			buildPhases = (
				23139F3726AA8F0C00432D9E /* Sources */,
				23139F3826AA8F0C00432D9E /* Frameworks */,
				23139F3926AA8F0C00432D9E /* Resources */,
			);
			buildRules = (
			);
			dependencies = (
			);
			name = "SwiftUI Demo";
			packageProductDependencies = (
				23139F4E26AA8F2D00432D9E /* DSFQuickActionBar */,
			);
			productName = "SwiftUI Demo";
			productReference = 23139F3B26AA8F0C00432D9E /* SwiftUI Demo.app */;
			productType = "com.apple.product-type.application";
		};
/* End PBXNativeTarget section */

/* Begin PBXProject section */
		23139F3326AA8F0C00432D9E /* Project object */ = {
			isa = PBXProject;
			attributes = {
				BuildIndependentTargetsInParallel = 1;
				LastSwiftUpdateCheck = 1300;
				LastUpgradeCheck = 1300;
				TargetAttributes = {
					23139F3A26AA8F0C00432D9E = {
						CreatedOnToolsVersion = 13.0;
					};
				};
			};
			buildConfigurationList = 23139F3626AA8F0C00432D9E /* Build configuration list for PBXProject "SwiftUI Demo" */;
			compatibilityVersion = "Xcode 13.0";
			developmentRegion = en;
			hasScannedForEncodings = 0;
			knownRegions = (
				en,
				Base,
			);
			mainGroup = 23139F3226AA8F0C00432D9E;
			productRefGroup = 23139F3C26AA8F0C00432D9E /* Products */;
			projectDirPath = "";
			projectRoot = "";
			targets = (
				23139F3A26AA8F0C00432D9E /* SwiftUI Demo */,
			);
		};
/* End PBXProject section */

/* Begin PBXResourcesBuildPhase section */
		23139F3926AA8F0C00432D9E /* Resources */ = {
			isa = PBXResourcesBuildPhase;
			buildActionMask = 2147483647;
			files = (
				23139F4626AA8F0D00432D9E /* Preview Assets.xcassets in Resources */,
				23139F4326AA8F0D00432D9E /* Assets.xcassets in Resources */,
			);
			runOnlyForDeploymentPostprocessing = 0;
		};
/* End PBXResourcesBuildPhase section */

/* Begin PBXSourcesBuildPhase section */
		23139F3726AA8F0C00432D9E /* Sources */ = {
			isa = PBXSourcesBuildPhase;
			buildActionMask = 2147483647;
			files = (
				23139F4126AA8F0C00432D9E /* ContentView.swift in Sources */,
				23139F3F26AA8F0C00432D9E /* SwiftUI_DemoApp.swift in Sources */,
				23139F5326AA980700432D9E /* SampleData.swift in Sources */,
				2345DCE328BF966C0092DA0F /* DocoContentView.swift in Sources */,
				23139F5526AAB5CA00432D9E /* FilterViewCell.swift in Sources */,
			);
			runOnlyForDeploymentPostprocessing = 0;
		};
/* End PBXSourcesBuildPhase section */

/* Begin XCBuildConfiguration section */
		23139F4726AA8F0D00432D9E /* Debug */ = {
			isa = XCBuildConfiguration;
			buildSettings = {
				ALWAYS_SEARCH_USER_PATHS = NO;
				CLANG_ANALYZER_NONNULL = YES;
				CLANG_ANALYZER_NUMBER_OBJECT_CONVERSION = YES_AGGRESSIVE;
				CLANG_CXX_LANGUAGE_STANDARD = "gnu++14";
				CLANG_CXX_LIBRARY = "libc++";
				CLANG_ENABLE_MODULES = YES;
				CLANG_ENABLE_OBJC_ARC = YES;
				CLANG_ENABLE_OBJC_WEAK = YES;
				CLANG_WARN_BLOCK_CAPTURE_AUTORELEASING = YES;
				CLANG_WARN_BOOL_CONVERSION = YES;
				CLANG_WARN_COMMA = YES;
				CLANG_WARN_CONSTANT_CONVERSION = YES;
				CLANG_WARN_DEPRECATED_OBJC_IMPLEMENTATIONS = YES;
				CLANG_WARN_DIRECT_OBJC_ISA_USAGE = YES_ERROR;
				CLANG_WARN_DOCUMENTATION_COMMENTS = YES;
				CLANG_WARN_EMPTY_BODY = YES;
				CLANG_WARN_ENUM_CONVERSION = YES;
				CLANG_WARN_INFINITE_RECURSION = YES;
				CLANG_WARN_INT_CONVERSION = YES;
				CLANG_WARN_NON_LITERAL_NULL_CONVERSION = YES;
				CLANG_WARN_OBJC_IMPLICIT_RETAIN_SELF = YES;
				CLANG_WARN_OBJC_LITERAL_CONVERSION = YES;
				CLANG_WARN_OBJC_ROOT_CLASS = YES_ERROR;
				CLANG_WARN_QUOTED_INCLUDE_IN_FRAMEWORK_HEADER = YES;
				CLANG_WARN_RANGE_LOOP_ANALYSIS = YES;
				CLANG_WARN_STRICT_PROTOTYPES = YES;
				CLANG_WARN_SUSPICIOUS_MOVE = YES;
				CLANG_WARN_UNGUARDED_AVAILABILITY = YES_AGGRESSIVE;
				CLANG_WARN_UNREACHABLE_CODE = YES;
				CLANG_WARN__DUPLICATE_METHOD_MATCH = YES;
				COPY_PHASE_STRIP = NO;
				DEBUG_INFORMATION_FORMAT = dwarf;
				ENABLE_STRICT_OBJC_MSGSEND = YES;
				ENABLE_TESTABILITY = YES;
				GCC_C_LANGUAGE_STANDARD = gnu11;
				GCC_DYNAMIC_NO_PIC = NO;
				GCC_NO_COMMON_BLOCKS = YES;
				GCC_OPTIMIZATION_LEVEL = 0;
				GCC_PREPROCESSOR_DEFINITIONS = (
					"DEBUG=1",
					"$(inherited)",
				);
				GCC_WARN_64_TO_32_BIT_CONVERSION = YES;
				GCC_WARN_ABOUT_RETURN_TYPE = YES_ERROR;
				GCC_WARN_UNDECLARED_SELECTOR = YES;
				GCC_WARN_UNINITIALIZED_AUTOS = YES_AGGRESSIVE;
				GCC_WARN_UNUSED_FUNCTION = YES;
				GCC_WARN_UNUSED_VARIABLE = YES;
				MACOSX_DEPLOYMENT_TARGET = 11.4;
				MTL_ENABLE_DEBUG_INFO = INCLUDE_SOURCE;
				MTL_FAST_MATH = YES;
				ONLY_ACTIVE_ARCH = YES;
				SDKROOT = macosx;
				SWIFT_ACTIVE_COMPILATION_CONDITIONS = DEBUG;
				SWIFT_OPTIMIZATION_LEVEL = "-Onone";
			};
			name = Debug;
		};
		23139F4826AA8F0D00432D9E /* Release */ = {
			isa = XCBuildConfiguration;
			buildSettings = {
				ALWAYS_SEARCH_USER_PATHS = NO;
				CLANG_ANALYZER_NONNULL = YES;
				CLANG_ANALYZER_NUMBER_OBJECT_CONVERSION = YES_AGGRESSIVE;
				CLANG_CXX_LANGUAGE_STANDARD = "gnu++14";
				CLANG_CXX_LIBRARY = "libc++";
				CLANG_ENABLE_MODULES = YES;
				CLANG_ENABLE_OBJC_ARC = YES;
				CLANG_ENABLE_OBJC_WEAK = YES;
				CLANG_WARN_BLOCK_CAPTURE_AUTORELEASING = YES;
				CLANG_WARN_BOOL_CONVERSION = YES;
				CLANG_WARN_COMMA = YES;
				CLANG_WARN_CONSTANT_CONVERSION = YES;
				CLANG_WARN_DEPRECATED_OBJC_IMPLEMENTATIONS = YES;
				CLANG_WARN_DIRECT_OBJC_ISA_USAGE = YES_ERROR;
				CLANG_WARN_DOCUMENTATION_COMMENTS = YES;
				CLANG_WARN_EMPTY_BODY = YES;
				CLANG_WARN_ENUM_CONVERSION = YES;
				CLANG_WARN_INFINITE_RECURSION = YES;
				CLANG_WARN_INT_CONVERSION = YES;
				CLANG_WARN_NON_LITERAL_NULL_CONVERSION = YES;
				CLANG_WARN_OBJC_IMPLICIT_RETAIN_SELF = YES;
				CLANG_WARN_OBJC_LITERAL_CONVERSION = YES;
				CLANG_WARN_OBJC_ROOT_CLASS = YES_ERROR;
				CLANG_WARN_QUOTED_INCLUDE_IN_FRAMEWORK_HEADER = YES;
				CLANG_WARN_RANGE_LOOP_ANALYSIS = YES;
				CLANG_WARN_STRICT_PROTOTYPES = YES;
				CLANG_WARN_SUSPICIOUS_MOVE = YES;
				CLANG_WARN_UNGUARDED_AVAILABILITY = YES_AGGRESSIVE;
				CLANG_WARN_UNREACHABLE_CODE = YES;
				CLANG_WARN__DUPLICATE_METHOD_MATCH = YES;
				COPY_PHASE_STRIP = NO;
				DEBUG_INFORMATION_FORMAT = "dwarf-with-dsym";
				ENABLE_NS_ASSERTIONS = NO;
				ENABLE_STRICT_OBJC_MSGSEND = YES;
				GCC_C_LANGUAGE_STANDARD = gnu11;
				GCC_NO_COMMON_BLOCKS = YES;
				GCC_WARN_64_TO_32_BIT_CONVERSION = YES;
				GCC_WARN_ABOUT_RETURN_TYPE = YES_ERROR;
				GCC_WARN_UNDECLARED_SELECTOR = YES;
				GCC_WARN_UNINITIALIZED_AUTOS = YES_AGGRESSIVE;
				GCC_WARN_UNUSED_FUNCTION = YES;
				GCC_WARN_UNUSED_VARIABLE = YES;
				MACOSX_DEPLOYMENT_TARGET = 11.4;
				MTL_ENABLE_DEBUG_INFO = NO;
				MTL_FAST_MATH = YES;
				SDKROOT = macosx;
				SWIFT_COMPILATION_MODE = wholemodule;
				SWIFT_OPTIMIZATION_LEVEL = "-O";
			};
			name = Release;
		};
		23139F4A26AA8F0D00432D9E /* Debug */ = {
			isa = XCBuildConfiguration;
			buildSettings = {
				ASSETCATALOG_COMPILER_APPICON_NAME = AppIcon;
				ASSETCATALOG_COMPILER_GLOBAL_ACCENT_COLOR_NAME = AccentColor;
				CODE_SIGN_STYLE = Automatic;
				COMBINE_HIDPI_IMAGES = YES;
				CURRENT_PROJECT_VERSION = 1;
				DEVELOPMENT_ASSET_PATHS = "\"SwiftUI Demo/Preview Content\"";
				ENABLE_APP_SANDBOX = YES;
				ENABLE_PREVIEWS = YES;
				ENABLE_USER_SELECTED_FILES = readonly;
				GENERATE_INFOPLIST_FILE = YES;
				INFOPLIST_KEY_NSHumanReadableCopyright = "";
				LD_RUNPATH_SEARCH_PATHS = (
					"$(inherited)",
					"@executable_path/../Frameworks",
				);
				MACOSX_DEPLOYMENT_TARGET = 12.0;
				MARKETING_VERSION = 1.0;
				PRODUCT_BUNDLE_IDENTIFIER = "com.dagronf.dsfquickbar.swiftui-demo.SwiftUI-Demo";
				PRODUCT_NAME = "$(TARGET_NAME)";
				SWIFT_EMIT_LOC_STRINGS = YES;
				SWIFT_VERSION = 5.0;
			};
			name = Debug;
		};
		23139F4B26AA8F0D00432D9E /* Release */ = {
			isa = XCBuildConfiguration;
			buildSettings = {
				ASSETCATALOG_COMPILER_APPICON_NAME = AppIcon;
				ASSETCATALOG_COMPILER_GLOBAL_ACCENT_COLOR_NAME = AccentColor;
				CODE_SIGN_STYLE = Automatic;
				COMBINE_HIDPI_IMAGES = YES;
				CURRENT_PROJECT_VERSION = 1;
				DEVELOPMENT_ASSET_PATHS = "\"SwiftUI Demo/Preview Content\"";
				ENABLE_APP_SANDBOX = YES;
				ENABLE_PREVIEWS = YES;
				ENABLE_USER_SELECTED_FILES = readonly;
				GENERATE_INFOPLIST_FILE = YES;
				INFOPLIST_KEY_NSHumanReadableCopyright = "";
				LD_RUNPATH_SEARCH_PATHS = (
					"$(inherited)",
					"@executable_path/../Frameworks",
				);
				MACOSX_DEPLOYMENT_TARGET = 12.0;
				MARKETING_VERSION = 1.0;
				PRODUCT_BUNDLE_IDENTIFIER = "com.dagronf.dsfquickbar.swiftui-demo.SwiftUI-Demo";
				PRODUCT_NAME = "$(TARGET_NAME)";
				SWIFT_EMIT_LOC_STRINGS = YES;
				SWIFT_VERSION = 5.0;
			};
			name = Release;
		};
/* End XCBuildConfiguration section */

/* Begin XCConfigurationList section */
		23139F3626AA8F0C00432D9E /* Build configuration list for PBXProject "SwiftUI Demo" */ = {
			isa = XCConfigurationList;
			buildConfigurations = (
				23139F4726AA8F0D00432D9E /* Debug */,
				23139F4826AA8F0D00432D9E /* Release */,
			);
			defaultConfigurationIsVisible = 0;
			defaultConfigurationName = Release;
		};
		23139F4926AA8F0D00432D9E /* Build configuration list for PBXNativeTarget "SwiftUI Demo" */ = {
			isa = XCConfigurationList;
			buildConfigurations = (
				23139F4A26AA8F0D00432D9E /* Debug */,
				23139F4B26AA8F0D00432D9E /* Release */,
			);
			defaultConfigurationIsVisible = 0;
			defaultConfigurationName = Release;
		};
/* End XCConfigurationList section */

/* Begin XCSwiftPackageProductDependency section */
		23139F4E26AA8F2D00432D9E /* DSFQuickActionBar */ = {
			isa = XCSwiftPackageProductDependency;
			productName = DSFQuickActionBar;
		};
/* End XCSwiftPackageProductDependency section */
	};
	rootObject = 23139F3326AA8F0C00432D9E /* Project object */;
}
