// !$*UTF8*$!
{
	archiveVersion = 1;
	classes = {
	};
	objectVersion = 54;
	objects = {

/* Begin PBXAggregateTarget section */
		2349CAF228D0022800EE1A40 /* qab_all */ = {
			isa = PBXAggregateTarget;
			buildConfigurationList = 2349CAF528D0022800EE1A40 /* Build configuration list for PBXAggregateTarget "qab_all" */;
			buildPhases = (
			);
			dependencies = (
				231DF70E2946AD0D00287717 /* PBXTargetDependency */,
				23049821291E190600CD661A /* PBXTargetDependency */,
				239A39BD291C8FF70050093F /* PBXTargetDependency */,
				2349CAF928D0023500EE1A40 /* PBXTargetDependency */,
				2349CAF728D0023200EE1A40 /* PBXTargetDependency */,
			);
			name = qab_all;
			productName = qab_all;
		};
/* End PBXAggregateTarget section */

/* Begin PBXBuildFile section */
		2304980D291D9CA900CD661A /* SwiftUI_DemoApp.swift in Sources */ = {isa = PBXBuildFile; fileRef = 2304980C291D9CA900CD661A /* SwiftUI_DemoApp.swift */; };
		2304980F291D9CA900CD661A /* ContentView.swift in Sources */ = {isa = PBXBuildFile; fileRef = 2304980E291D9CA900CD661A /* ContentView.swift */; };
		23049811291D9CAA00CD661A /* Assets.xcassets in Resources */ = {isa = PBXBuildFile; fileRef = 23049810291D9CAA00CD661A /* Assets.xcassets */; };
		23049814291D9CAA00CD661A /* Preview Assets.xcassets in Resources */ = {isa = PBXBuildFile; fileRef = 23049813291D9CAA00CD661A /* Preview Assets.xcassets */; };
		23049819291D9CF100CD661A /* SampleData.swift in Sources */ = {isa = PBXBuildFile; fileRef = 2322B91426A8D9F80034EB75 /* SampleData.swift */; };
		2304981D291D9D4200CD661A /* DSFQuickActionBar in Frameworks */ = {isa = PBXBuildFile; productRef = 2304981C291D9D4200CD661A /* DSFQuickActionBar */; };
		2304981F291D9E0200CD661A /* FilterViewCell.swift in Sources */ = {isa = PBXBuildFile; fileRef = 2304981E291D9E0200CD661A /* FilterViewCell.swift */; };
		231DF6FD29468C2600287717 /* AppDelegate.swift in Sources */ = {isa = PBXBuildFile; fileRef = 231DF6FC29468C2600287717 /* AppDelegate.swift */; };
		231DF6FF29468C2600287717 /* ViewController.swift in Sources */ = {isa = PBXBuildFile; fileRef = 231DF6FE29468C2600287717 /* ViewController.swift */; };
		231DF70129468C2900287717 /* Assets.xcassets in Resources */ = {isa = PBXBuildFile; fileRef = 231DF70029468C2900287717 /* Assets.xcassets */; };
		231DF70429468C2900287717 /* Main.storyboard in Resources */ = {isa = PBXBuildFile; fileRef = 231DF70229468C2900287717 /* Main.storyboard */; };
		231DF70A29468CC200287717 /* DSFQuickActionBar-static in Frameworks */ = {isa = PBXBuildFile; productRef = 231DF70929468CC200287717 /* DSFQuickActionBar-static */; };
		231DF70C294695EF00287717 /* countries.swift in Sources */ = {isa = PBXBuildFile; fileRef = 231DF70B294695EF00287717 /* countries.swift */; };
		231DF7112946B43900287717 /* countries.txt in Resources */ = {isa = PBXBuildFile; fileRef = 231DF7102946B43900287717 /* countries.txt */; };
		2322B90526A8D92B0034EB75 /* AppDelegate.swift in Sources */ = {isa = PBXBuildFile; fileRef = 2322B90426A8D92B0034EB75 /* AppDelegate.swift */; };
		2322B90726A8D92C0034EB75 /* Assets.xcassets in Resources */ = {isa = PBXBuildFile; fileRef = 2322B90626A8D92C0034EB75 /* Assets.xcassets */; };
		2322B90A26A8D92C0034EB75 /* MainMenu.xib in Resources */ = {isa = PBXBuildFile; fileRef = 2322B90826A8D92C0034EB75 /* MainMenu.xib */; };
		2322B91326A8D9450034EB75 /* DSFQuickActionBar in Frameworks */ = {isa = PBXBuildFile; productRef = 2322B91226A8D9450034EB75 /* DSFQuickActionBar */; };
		2322B91526A8D9F80034EB75 /* SampleData.swift in Sources */ = {isa = PBXBuildFile; fileRef = 2322B91426A8D9F80034EB75 /* SampleData.swift */; };
		2322B91926A8DAAF0034EB75 /* FilterCellQuickView.swift in Sources */ = {isa = PBXBuildFile; fileRef = 2322B91726A8DAAF0034EB75 /* FilterCellQuickView.swift */; };
		2322B91A26A8DAAF0034EB75 /* FilterCellQuickView.xib in Resources */ = {isa = PBXBuildFile; fileRef = 2322B91826A8DAAF0034EB75 /* FilterCellQuickView.xib */; };
		233CC5D226BE2E36001027E6 /* DSFAppKitBuilderCell.swift in Sources */ = {isa = PBXBuildFile; fileRef = 233CC5D126BE2E36001027E6 /* DSFAppKitBuilderCell.swift */; };
		2349CAFA28D0036500EE1A40 /* libswiftCoreGraphics.tbd in Frameworks */ = {isa = PBXBuildFile; fileRef = 2379762428C01BCF00B41A17 /* libswiftCoreGraphics.tbd */; };
		2349CAFC28D0061400EE1A40 /* InsetsView.swift in Sources */ = {isa = PBXBuildFile; fileRef = 2349CAFB28D0061400EE1A40 /* InsetsView.swift */; };
		235DFFC028C043F900FFB8BF /* AppDelegate.swift in Sources */ = {isa = PBXBuildFile; fileRef = 235DFFBF28C043F900FFB8BF /* AppDelegate.swift */; };
		235DFFC228C043F900FFB8BF /* ViewController.swift in Sources */ = {isa = PBXBuildFile; fileRef = 235DFFC128C043F900FFB8BF /* ViewController.swift */; };
		235DFFC428C043FA00FFB8BF /* Assets.xcassets in Resources */ = {isa = PBXBuildFile; fileRef = 235DFFC328C043FA00FFB8BF /* Assets.xcassets */; };
		235DFFC728C043FA00FFB8BF /* Main.storyboard in Resources */ = {isa = PBXBuildFile; fileRef = 235DFFC528C043FA00FFB8BF /* Main.storyboard */; };
		235DFFCF28C044C300FFB8BF /* DSFQuickActionBar in Frameworks */ = {isa = PBXBuildFile; productRef = 235DFFCE28C044C300FFB8BF /* DSFQuickActionBar */; };
		236B513626C1FE500003D6A3 /* DSFAppKitBuilder in Frameworks */ = {isa = PBXBuildFile; productRef = 236B513526C1FE500003D6A3 /* DSFAppKitBuilder */; };
		2379762528C01BCF00B41A17 /* libswiftCoreGraphics.tbd in Frameworks */ = {isa = PBXBuildFile; fileRef = 2379762428C01BCF00B41A17 /* libswiftCoreGraphics.tbd */; };
		239A39AC291C634C0050093F /* AppDelegate.swift in Sources */ = {isa = PBXBuildFile; fileRef = 239A39AB291C634C0050093F /* AppDelegate.swift */; };
		239A39AE291C634C0050093F /* ViewController.swift in Sources */ = {isa = PBXBuildFile; fileRef = 239A39AD291C634C0050093F /* ViewController.swift */; };
		239A39B0291C634D0050093F /* Assets.xcassets in Resources */ = {isa = PBXBuildFile; fileRef = 239A39AF291C634D0050093F /* Assets.xcassets */; };
		239A39B3291C634D0050093F /* Main.storyboard in Resources */ = {isa = PBXBuildFile; fileRef = 239A39B1291C634D0050093F /* Main.storyboard */; };
		239A39B9291C636D0050093F /* DSFQuickActionBar in Frameworks */ = {isa = PBXBuildFile; productRef = 239A39B8291C636D0050093F /* DSFQuickActionBar */; };
		239A39BB291C88320050093F /* MetadataSearch.swift in Sources */ = {isa = PBXBuildFile; fileRef = 239A39BA291C88320050093F /* MetadataSearch.swift */; };
		23C6E93126AFAF3E00FBF106 /* FilterCellQuickViewSwiftUI.swift in Sources */ = {isa = PBXBuildFile; fileRef = 23C6E93026AFAF3E00FBF106 /* FilterCellQuickViewSwiftUI.swift */; };
/* End PBXBuildFile section */

/* Begin PBXContainerItemProxy section */
		23049820291E190600CD661A /* PBXContainerItemProxy */ = {
			isa = PBXContainerItemProxy;
			containerPortal = 2322B8F926A8D92B0034EB75 /* Project object */;
			proxyType = 1;
			remoteGlobalIDString = 23049809291D9CA900CD661A;
			remoteInfo = "SwiftUI Demo";
		};
		231DF70D2946AD0D00287717 /* PBXContainerItemProxy */ = {
			isa = PBXContainerItemProxy;
			containerPortal = 2322B8F926A8D92B0034EB75 /* Project object */;
			proxyType = 1;
			remoteGlobalIDString = 231DF6F929468C2600287717;
			remoteInfo = "StatusBar Item Demo";
		};
		2349CAF628D0023200EE1A40 /* PBXContainerItemProxy */ = {
			isa = PBXContainerItemProxy;
			containerPortal = 2322B8F926A8D92B0034EB75 /* Project object */;
			proxyType = 1;
			remoteGlobalIDString = 2322B90026A8D92B0034EB75;
			remoteInfo = "Simple Demo";
		};
		2349CAF828D0023500EE1A40 /* PBXContainerItemProxy */ = {
			isa = PBXContainerItemProxy;
			containerPortal = 2322B8F926A8D92B0034EB75 /* Project object */;
			proxyType = 1;
			remoteGlobalIDString = 235DFFBC28C043F900FFB8BF;
			remoteInfo = "Doco Demo";
		};
		239A39BC291C8FF70050093F /* PBXContainerItemProxy */ = {
			isa = PBXContainerItemProxy;
			containerPortal = 2322B8F926A8D92B0034EB75 /* Project object */;
			proxyType = 1;
			remoteGlobalIDString = 239A39A8291C634C0050093F;
			remoteInfo = FauxSpotlight;
		};
/* End PBXContainerItemProxy section */

/* Begin PBXFileReference section */
		2304980A291D9CA900CD661A /* SwiftUI Demo.app */ = {isa = PBXFileReference; explicitFileType = wrapper.application; includeInIndex = 0; path = "SwiftUI Demo.app"; sourceTree = BUILT_PRODUCTS_DIR; };
		2304980C291D9CA900CD661A /* SwiftUI_DemoApp.swift */ = {isa = PBXFileReference; lastKnownFileType = sourcecode.swift; path = SwiftUI_DemoApp.swift; sourceTree = "<group>"; };
		2304980E291D9CA900CD661A /* ContentView.swift */ = {isa = PBXFileReference; lastKnownFileType = sourcecode.swift; path = ContentView.swift; sourceTree = "<group>"; };
		23049810291D9CAA00CD661A /* Assets.xcassets */ = {isa = PBXFileReference; lastKnownFileType = folder.assetcatalog; path = Assets.xcassets; sourceTree = "<group>"; };
		23049813291D9CAA00CD661A /* Preview Assets.xcassets */ = {isa = PBXFileReference; lastKnownFileType = folder.assetcatalog; path = "Preview Assets.xcassets"; sourceTree = "<group>"; };
		23049815291D9CAA00CD661A /* SwiftUI_Demo.entitlements */ = {isa = PBXFileReference; lastKnownFileType = text.plist.entitlements; path = SwiftUI_Demo.entitlements; sourceTree = "<group>"; };
		2304981E291D9E0200CD661A /* FilterViewCell.swift */ = {isa = PBXFileReference; fileEncoding = 4; lastKnownFileType = sourcecode.swift; path = FilterViewCell.swift; sourceTree = "<group>"; };
		231DF6FA29468C2600287717 /* StatusBar Item Demo.app */ = {isa = PBXFileReference; explicitFileType = wrapper.application; includeInIndex = 0; path = "StatusBar Item Demo.app"; sourceTree = BUILT_PRODUCTS_DIR; };
		231DF6FC29468C2600287717 /* AppDelegate.swift */ = {isa = PBXFileReference; lastKnownFileType = sourcecode.swift; path = AppDelegate.swift; sourceTree = "<group>"; };
		231DF6FE29468C2600287717 /* ViewController.swift */ = {isa = PBXFileReference; lastKnownFileType = sourcecode.swift; path = ViewController.swift; sourceTree = "<group>"; };
		231DF70029468C2900287717 /* Assets.xcassets */ = {isa = PBXFileReference; lastKnownFileType = folder.assetcatalog; path = Assets.xcassets; sourceTree = "<group>"; };
		231DF70329468C2900287717 /* Base */ = {isa = PBXFileReference; lastKnownFileType = file.storyboard; name = Base; path = Base.lproj/Main.storyboard; sourceTree = "<group>"; };
		231DF70529468C2900287717 /* StatusBar_Item_Demo.entitlements */ = {isa = PBXFileReference; lastKnownFileType = text.plist.entitlements; path = StatusBar_Item_Demo.entitlements; sourceTree = "<group>"; };
		231DF70B294695EF00287717 /* countries.swift */ = {isa = PBXFileReference; lastKnownFileType = sourcecode.swift; path = countries.swift; sourceTree = "<group>"; };
		231DF7102946B43900287717 /* countries.txt */ = {isa = PBXFileReference; fileEncoding = 4; lastKnownFileType = text; path = countries.txt; sourceTree = "<group>"; };
		2322B90126A8D92B0034EB75 /* Simple Demo.app */ = {isa = PBXFileReference; explicitFileType = wrapper.application; includeInIndex = 0; path = "Simple Demo.app"; sourceTree = BUILT_PRODUCTS_DIR; };
		2322B90426A8D92B0034EB75 /* AppDelegate.swift */ = {isa = PBXFileReference; lastKnownFileType = sourcecode.swift; path = AppDelegate.swift; sourceTree = "<group>"; };
		2322B90626A8D92C0034EB75 /* Assets.xcassets */ = {isa = PBXFileReference; lastKnownFileType = folder.assetcatalog; path = Assets.xcassets; sourceTree = "<group>"; };
		2322B90926A8D92C0034EB75 /* Base */ = {isa = PBXFileReference; lastKnownFileType = file.xib; name = Base; path = Base.lproj/MainMenu.xib; sourceTree = "<group>"; };
		2322B91026A8D93B0034EB75 /* DSFQuickActionBar */ = {isa = PBXFileReference; lastKnownFileType = folder; name = DSFQuickActionBar; path = ../..; sourceTree = "<group>"; };
		2322B91426A8D9F80034EB75 /* SampleData.swift */ = {isa = PBXFileReference; lastKnownFileType = sourcecode.swift; path = SampleData.swift; sourceTree = "<group>"; };
		2322B91726A8DAAF0034EB75 /* FilterCellQuickView.swift */ = {isa = PBXFileReference; fileEncoding = 4; lastKnownFileType = sourcecode.swift; path = FilterCellQuickView.swift; sourceTree = "<group>"; };
		2322B91826A8DAAF0034EB75 /* FilterCellQuickView.xib */ = {isa = PBXFileReference; fileEncoding = 4; lastKnownFileType = file.xib; path = FilterCellQuickView.xib; sourceTree = "<group>"; };
		233CC5D126BE2E36001027E6 /* DSFAppKitBuilderCell.swift */ = {isa = PBXFileReference; lastKnownFileType = sourcecode.swift; path = DSFAppKitBuilderCell.swift; sourceTree = "<group>"; };
		2349CAFB28D0061400EE1A40 /* InsetsView.swift */ = {isa = PBXFileReference; lastKnownFileType = sourcecode.swift; path = InsetsView.swift; sourceTree = "<group>"; };
		235DFFBD28C043F900FFB8BF /* Doco Demo.app */ = {isa = PBXFileReference; explicitFileType = wrapper.application; includeInIndex = 0; path = "Doco Demo.app"; sourceTree = BUILT_PRODUCTS_DIR; };
		235DFFBF28C043F900FFB8BF /* AppDelegate.swift */ = {isa = PBXFileReference; lastKnownFileType = sourcecode.swift; path = AppDelegate.swift; sourceTree = "<group>"; };
		235DFFC128C043F900FFB8BF /* ViewController.swift */ = {isa = PBXFileReference; lastKnownFileType = sourcecode.swift; path = ViewController.swift; sourceTree = "<group>"; };
		235DFFC328C043FA00FFB8BF /* Assets.xcassets */ = {isa = PBXFileReference; lastKnownFileType = folder.assetcatalog; path = Assets.xcassets; sourceTree = "<group>"; };
		235DFFC628C043FA00FFB8BF /* Base */ = {isa = PBXFileReference; lastKnownFileType = file.storyboard; name = Base; path = Base.lproj/Main.storyboard; sourceTree = "<group>"; };
		235DFFC828C043FA00FFB8BF /* Doco_Demo.entitlements */ = {isa = PBXFileReference; lastKnownFileType = text.plist.entitlements; path = Doco_Demo.entitlements; sourceTree = "<group>"; };
		2379762428C01BCF00B41A17 /* libswiftCoreGraphics.tbd */ = {isa = PBXFileReference; lastKnownFileType = "sourcecode.text-based-dylib-definition"; name = libswiftCoreGraphics.tbd; path = usr/lib/swift/libswiftCoreGraphics.tbd; sourceTree = SDKROOT; };
		239A39A9291C634C0050093F /* FauxSpotlight.app */ = {isa = PBXFileReference; explicitFileType = wrapper.application; includeInIndex = 0; path = FauxSpotlight.app; sourceTree = BUILT_PRODUCTS_DIR; };
		239A39AB291C634C0050093F /* AppDelegate.swift */ = {isa = PBXFileReference; lastKnownFileType = sourcecode.swift; path = AppDelegate.swift; sourceTree = "<group>"; };
		239A39AD291C634C0050093F /* ViewController.swift */ = {isa = PBXFileReference; lastKnownFileType = sourcecode.swift; path = ViewController.swift; sourceTree = "<group>"; };
		239A39AF291C634D0050093F /* Assets.xcassets */ = {isa = PBXFileReference; lastKnownFileType = folder.assetcatalog; path = Assets.xcassets; sourceTree = "<group>"; };
		239A39B2291C634D0050093F /* Base */ = {isa = PBXFileReference; lastKnownFileType = file.storyboard; name = Base; path = Base.lproj/Main.storyboard; sourceTree = "<group>"; };
		239A39B4291C634D0050093F /* FauxSpotlight.entitlements */ = {isa = PBXFileReference; lastKnownFileType = text.plist.entitlements; path = FauxSpotlight.entitlements; sourceTree = "<group>"; };
		239A39BA291C88320050093F /* MetadataSearch.swift */ = {isa = PBXFileReference; lastKnownFileType = sourcecode.swift; path = MetadataSearch.swift; sourceTree = "<group>"; };
		23C6E93026AFAF3E00FBF106 /* FilterCellQuickViewSwiftUI.swift */ = {isa = PBXFileReference; lastKnownFileType = sourcecode.swift; path = FilterCellQuickViewSwiftUI.swift; sourceTree = "<group>"; };
		23F68D1C26DC763900DA6097 /* Info.plist */ = {isa = PBXFileReference; lastKnownFileType = text.plist; path = Info.plist; sourceTree = SOURCE_ROOT; };
/* End PBXFileReference section */

/* Begin PBXFrameworksBuildPhase section */
		23049807291D9CA900CD661A /* Frameworks */ = {
			isa = PBXFrameworksBuildPhase;
			buildActionMask = 2147483647;
			files = (
				2304981D291D9D4200CD661A /* DSFQuickActionBar in Frameworks */,
			);
			runOnlyForDeploymentPostprocessing = 0;
		};
		231DF6F729468C2600287717 /* Frameworks */ = {
			isa = PBXFrameworksBuildPhase;
			buildActionMask = 2147483647;
			files = (
				231DF70A29468CC200287717 /* DSFQuickActionBar-static in Frameworks */,
			);
			runOnlyForDeploymentPostprocessing = 0;
		};
		2322B8FE26A8D92B0034EB75 /* Frameworks */ = {
			isa = PBXFrameworksBuildPhase;
			buildActionMask = 2147483647;
			files = (
				2379762528C01BCF00B41A17 /* libswiftCoreGraphics.tbd in Frameworks */,
				2322B91326A8D9450034EB75 /* DSFQuickActionBar in Frameworks */,
				236B513626C1FE500003D6A3 /* DSFAppKitBuilder in Frameworks */,
			);
			runOnlyForDeploymentPostprocessing = 0;
		};
		235DFFBA28C043F900FFB8BF /* Frameworks */ = {
			isa = PBXFrameworksBuildPhase;
			buildActionMask = 2147483647;
			files = (
				2349CAFA28D0036500EE1A40 /* libswiftCoreGraphics.tbd in Frameworks */,
				235DFFCF28C044C300FFB8BF /* DSFQuickActionBar in Frameworks */,
			);
			runOnlyForDeploymentPostprocessing = 0;
		};
		239A39A6291C634C0050093F /* Frameworks */ = {
			isa = PBXFrameworksBuildPhase;
			buildActionMask = 2147483647;
			files = (
				239A39B9291C636D0050093F /* DSFQuickActionBar in Frameworks */,
			);
			runOnlyForDeploymentPostprocessing = 0;
		};
/* End PBXFrameworksBuildPhase section */

/* Begin PBXGroup section */
		2304980B291D9CA900CD661A /* SwiftUI Demo */ = {
			isa = PBXGroup;
			children = (
				2304980C291D9CA900CD661A /* SwiftUI_DemoApp.swift */,
				2304980E291D9CA900CD661A /* ContentView.swift */,
				2304981E291D9E0200CD661A /* FilterViewCell.swift */,
				23049810291D9CAA00CD661A /* Assets.xcassets */,
				23049815291D9CAA00CD661A /* SwiftUI_Demo.entitlements */,
				23049812291D9CAA00CD661A /* Preview Content */,
			);
			path = "SwiftUI Demo";
			sourceTree = "<group>";
		};
		23049812291D9CAA00CD661A /* Preview Content */ = {
			isa = PBXGroup;
			children = (
				23049813291D9CAA00CD661A /* Preview Assets.xcassets */,
			);
			path = "Preview Content";
			sourceTree = "<group>";
		};
		231DF6FB29468C2600287717 /* StatusBar Item Demo */ = {
			isa = PBXGroup;
			children = (
				231DF70F2946B42F00287717 /* resources */,
				231DF6FC29468C2600287717 /* AppDelegate.swift */,
				231DF6FE29468C2600287717 /* ViewController.swift */,
				231DF70029468C2900287717 /* Assets.xcassets */,
				231DF70229468C2900287717 /* Main.storyboard */,
				231DF70529468C2900287717 /* StatusBar_Item_Demo.entitlements */,
				231DF70B294695EF00287717 /* countries.swift */,
			);
			path = "StatusBar Item Demo";
			sourceTree = "<group>";
		};
		231DF70F2946B42F00287717 /* resources */ = {
			isa = PBXGroup;
			children = (
				231DF7102946B43900287717 /* countries.txt */,
			);
			path = resources;
			sourceTree = "<group>";
		};
		2322B8F826A8D92B0034EB75 = {
			isa = PBXGroup;
			children = (
				2322B91026A8D93B0034EB75 /* DSFQuickActionBar */,
				2322B90326A8D92B0034EB75 /* Simple Demo */,
				235DFFBE28C043F900FFB8BF /* Doco Demo */,
				239A39AA291C634C0050093F /* FauxSpotlight */,
				2304980B291D9CA900CD661A /* SwiftUI Demo */,
				231DF6FB29468C2600287717 /* StatusBar Item Demo */,
				2322B90226A8D92B0034EB75 /* Products */,
				2322B91126A8D9450034EB75 /* Frameworks */,
			);
			sourceTree = "<group>";
		};
		2322B90226A8D92B0034EB75 /* Products */ = {
			isa = PBXGroup;
			children = (
				2322B90126A8D92B0034EB75 /* Simple Demo.app */,
				235DFFBD28C043F900FFB8BF /* Doco Demo.app */,
				239A39A9291C634C0050093F /* FauxSpotlight.app */,
				2304980A291D9CA900CD661A /* SwiftUI Demo.app */,
				231DF6FA29468C2600287717 /* StatusBar Item Demo.app */,
			);
			name = Products;
			sourceTree = "<group>";
		};
		2322B90326A8D92B0034EB75 /* Simple Demo */ = {
			isa = PBXGroup;
			children = (
				23F68D1C26DC763900DA6097 /* Info.plist */,
				2322B91626A8DA7D0034EB75 /* QuickActionCell */,
				2322B90426A8D92B0034EB75 /* AppDelegate.swift */,
				2322B90626A8D92C0034EB75 /* Assets.xcassets */,
				2322B90826A8D92C0034EB75 /* MainMenu.xib */,
				2322B91426A8D9F80034EB75 /* SampleData.swift */,
			);
			path = "Simple Demo";
			sourceTree = "<group>";
		};
		2322B91126A8D9450034EB75 /* Frameworks */ = {
			isa = PBXGroup;
			children = (
				2379762428C01BCF00B41A17 /* libswiftCoreGraphics.tbd */,
			);
			name = Frameworks;
			sourceTree = "<group>";
		};
		2322B91626A8DA7D0034EB75 /* QuickActionCell */ = {
			isa = PBXGroup;
			children = (
				233CC5D026BE2E21001027E6 /* dsfappkitbuilder */,
				233CC5CF26BE2DEC001027E6 /* swiftui */,
				233CC5CE26BE2DE0001027E6 /* xib */,
			);
			path = QuickActionCell;
			sourceTree = "<group>";
		};
		233CC5CE26BE2DE0001027E6 /* xib */ = {
			isa = PBXGroup;
			children = (
				2322B91726A8DAAF0034EB75 /* FilterCellQuickView.swift */,
				2322B91826A8DAAF0034EB75 /* FilterCellQuickView.xib */,
			);
			path = xib;
			sourceTree = "<group>";
		};
		233CC5CF26BE2DEC001027E6 /* swiftui */ = {
			isa = PBXGroup;
			children = (
				23C6E93026AFAF3E00FBF106 /* FilterCellQuickViewSwiftUI.swift */,
			);
			path = swiftui;
			sourceTree = "<group>";
		};
		233CC5D026BE2E21001027E6 /* dsfappkitbuilder */ = {
			isa = PBXGroup;
			children = (
				233CC5D126BE2E36001027E6 /* DSFAppKitBuilderCell.swift */,
			);
			path = dsfappkitbuilder;
			sourceTree = "<group>";
		};
		235DFFBE28C043F900FFB8BF /* Doco Demo */ = {
			isa = PBXGroup;
			children = (
				235DFFBF28C043F900FFB8BF /* AppDelegate.swift */,
				235DFFC128C043F900FFB8BF /* ViewController.swift */,
				2349CAFB28D0061400EE1A40 /* InsetsView.swift */,
				235DFFC328C043FA00FFB8BF /* Assets.xcassets */,
				235DFFC528C043FA00FFB8BF /* Main.storyboard */,
				235DFFC828C043FA00FFB8BF /* Doco_Demo.entitlements */,
			);
			path = "Doco Demo";
			sourceTree = "<group>";
		};
		239A39AA291C634C0050093F /* FauxSpotlight */ = {
			isa = PBXGroup;
			children = (
				239A39AB291C634C0050093F /* AppDelegate.swift */,
				239A39AD291C634C0050093F /* ViewController.swift */,
				239A39BA291C88320050093F /* MetadataSearch.swift */,
				239A39AF291C634D0050093F /* Assets.xcassets */,
				239A39B1291C634D0050093F /* Main.storyboard */,
				239A39B4291C634D0050093F /* FauxSpotlight.entitlements */,
			);
			path = FauxSpotlight;
			sourceTree = "<group>";
		};
/* End PBXGroup section */

/* Begin PBXNativeTarget section */
		23049809291D9CA900CD661A /* SwiftUI Demo */ = {
			isa = PBXNativeTarget;
			buildConfigurationList = 23049818291D9CAA00CD661A /* Build configuration list for PBXNativeTarget "SwiftUI Demo" */;
			buildPhases = (
				23049806291D9CA900CD661A /* Sources */,
				23049807291D9CA900CD661A /* Frameworks */,
				23049808291D9CA900CD661A /* Resources */,
			);
			buildRules = (
			);
			dependencies = (
			);
			name = "SwiftUI Demo";
			packageProductDependencies = (
				2304981C291D9D4200CD661A /* DSFQuickActionBar */,
			);
			productName = "SwiftUI Demo";
			productReference = 2304980A291D9CA900CD661A /* SwiftUI Demo.app */;
			productType = "com.apple.product-type.application";
		};
		231DF6F929468C2600287717 /* StatusBar Item Demo */ = {
			isa = PBXNativeTarget;
			buildConfigurationList = 231DF70829468C2900287717 /* Build configuration list for PBXNativeTarget "StatusBar Item Demo" */;
			buildPhases = (
				231DF6F629468C2600287717 /* Sources */,
				231DF6F729468C2600287717 /* Frameworks */,
				231DF6F829468C2600287717 /* Resources */,
			);
			buildRules = (
			);
			dependencies = (
			);
			name = "StatusBar Item Demo";
			packageProductDependencies = (
				231DF70929468CC200287717 /* DSFQuickActionBar-static */,
			);
			productName = "StatusBar Item Demo";
			productReference = 231DF6FA29468C2600287717 /* StatusBar Item Demo.app */;
			productType = "com.apple.product-type.application";
		};
		2322B90026A8D92B0034EB75 /* Simple Demo */ = {
			isa = PBXNativeTarget;
			buildConfigurationList = 2322B90D26A8D92C0034EB75 /* Build configuration list for PBXNativeTarget "Simple Demo" */;
			buildPhases = (
				2322B8FD26A8D92B0034EB75 /* Sources */,
				2322B8FE26A8D92B0034EB75 /* Frameworks */,
				2322B8FF26A8D92B0034EB75 /* Resources */,
			);
			buildRules = (
			);
			dependencies = (
			);
			name = "Simple Demo";
			packageProductDependencies = (
				2322B91226A8D9450034EB75 /* DSFQuickActionBar */,
				236B513526C1FE500003D6A3 /* DSFAppKitBuilder */,
			);
			productName = "Simple Demo";
			productReference = 2322B90126A8D92B0034EB75 /* Simple Demo.app */;
			productType = "com.apple.product-type.application";
		};
		235DFFBC28C043F900FFB8BF /* Doco Demo */ = {
			isa = PBXNativeTarget;
			buildConfigurationList = 235DFFCB28C043FA00FFB8BF /* Build configuration list for PBXNativeTarget "Doco Demo" */;
			buildPhases = (
				235DFFB928C043F900FFB8BF /* Sources */,
				235DFFBA28C043F900FFB8BF /* Frameworks */,
				235DFFBB28C043F900FFB8BF /* Resources */,
			);
			buildRules = (
			);
			dependencies = (
			);
			name = "Doco Demo";
			packageProductDependencies = (
				235DFFCE28C044C300FFB8BF /* DSFQuickActionBar */,
			);
			productName = "Doco Demo";
			productReference = 235DFFBD28C043F900FFB8BF /* Doco Demo.app */;
			productType = "com.apple.product-type.application";
		};
		239A39A8291C634C0050093F /* FauxSpotlight */ = {
			isa = PBXNativeTarget;
			buildConfigurationList = 239A39B7291C634D0050093F /* Build configuration list for PBXNativeTarget "FauxSpotlight" */;
			buildPhases = (
				239A39A5291C634C0050093F /* Sources */,
				239A39A6291C634C0050093F /* Frameworks */,
				239A39A7291C634C0050093F /* Resources */,
			);
			buildRules = (
			);
			dependencies = (
			);
			name = FauxSpotlight;
			packageProductDependencies = (
				239A39B8291C636D0050093F /* DSFQuickActionBar */,
			);
			productName = FauxSpotlight;
			productReference = 239A39A9291C634C0050093F /* FauxSpotlight.app */;
			productType = "com.apple.product-type.application";
		};
/* End PBXNativeTarget section */

/* Begin PBXProject section */
		2322B8F926A8D92B0034EB75 /* Project object */ = {
			isa = PBXProject;
			attributes = {
				BuildIndependentTargetsInParallel = 1;
				LastSwiftUpdateCheck = 1410;
				LastUpgradeCheck = 1410;
				TargetAttributes = {
					23049809291D9CA900CD661A = {
						CreatedOnToolsVersion = 14.1;
					};
					231DF6F929468C2600287717 = {
						CreatedOnToolsVersion = 14.1;
					};
					2322B90026A8D92B0034EB75 = {
						CreatedOnToolsVersion = 13.0;
					};
					2349CAF228D0022800EE1A40 = {
						CreatedOnToolsVersion = 14.0;
					};
					235DFFBC28C043F900FFB8BF = {
						CreatedOnToolsVersion = 14.0;
					};
					239A39A8291C634C0050093F = {
						CreatedOnToolsVersion = 14.1;
					};
				};
			};
			buildConfigurationList = 2322B8FC26A8D92B0034EB75 /* Build configuration list for PBXProject "Simple Demo" */;
			compatibilityVersion = "Xcode 12.0";
			developmentRegion = en;
			hasScannedForEncodings = 0;
			knownRegions = (
				en,
				Base,
			);
			mainGroup = 2322B8F826A8D92B0034EB75;
			packageReferences = (
				236B513426C1FE500003D6A3 /* XCRemoteSwiftPackageReference "DSFAppKitBuilder" */,
			);
			productRefGroup = 2322B90226A8D92B0034EB75 /* Products */;
			projectDirPath = "";
			projectRoot = "";
			targets = (
				2349CAF228D0022800EE1A40 /* qab_all */,
				2322B90026A8D92B0034EB75 /* Simple Demo */,
				235DFFBC28C043F900FFB8BF /* Doco Demo */,
				239A39A8291C634C0050093F /* FauxSpotlight */,
				23049809291D9CA900CD661A /* SwiftUI Demo */,
				231DF6F929468C2600287717 /* StatusBar Item Demo */,
			);
		};
/* End PBXProject section */

/* Begin PBXResourcesBuildPhase section */
		23049808291D9CA900CD661A /* Resources */ = {
			isa = PBXResourcesBuildPhase;
			buildActionMask = 2147483647;
			files = (
				23049814291D9CAA00CD661A /* Preview Assets.xcassets in Resources */,
				23049811291D9CAA00CD661A /* Assets.xcassets in Resources */,
			);
			runOnlyForDeploymentPostprocessing = 0;
		};
		231DF6F829468C2600287717 /* Resources */ = {
			isa = PBXResourcesBuildPhase;
			buildActionMask = 2147483647;
			files = (
				231DF7112946B43900287717 /* countries.txt in Resources */,
				231DF70129468C2900287717 /* Assets.xcassets in Resources */,
				231DF70429468C2900287717 /* Main.storyboard in Resources */,
			);
			runOnlyForDeploymentPostprocessing = 0;
		};
		2322B8FF26A8D92B0034EB75 /* Resources */ = {
			isa = PBXResourcesBuildPhase;
			buildActionMask = 2147483647;
			files = (
				2322B90726A8D92C0034EB75 /* Assets.xcassets in Resources */,
				2322B90A26A8D92C0034EB75 /* MainMenu.xib in Resources */,
				2322B91A26A8DAAF0034EB75 /* FilterCellQuickView.xib in Resources */,
			);
			runOnlyForDeploymentPostprocessing = 0;
		};
		235DFFBB28C043F900FFB8BF /* Resources */ = {
			isa = PBXResourcesBuildPhase;
			buildActionMask = 2147483647;
			files = (
				235DFFC428C043FA00FFB8BF /* Assets.xcassets in Resources */,
				235DFFC728C043FA00FFB8BF /* Main.storyboard in Resources */,
			);
			runOnlyForDeploymentPostprocessing = 0;
		};
		239A39A7291C634C0050093F /* Resources */ = {
			isa = PBXResourcesBuildPhase;
			buildActionMask = 2147483647;
			files = (
				239A39B0291C634D0050093F /* Assets.xcassets in Resources */,
				239A39B3291C634D0050093F /* Main.storyboard in Resources */,
			);
			runOnlyForDeploymentPostprocessing = 0;
		};
/* End PBXResourcesBuildPhase section */

/* Begin PBXSourcesBuildPhase section */
		23049806291D9CA900CD661A /* Sources */ = {
			isa = PBXSourcesBuildPhase;
			buildActionMask = 2147483647;
			files = (
				2304980F291D9CA900CD661A /* ContentView.swift in Sources */,
				23049819291D9CF100CD661A /* SampleData.swift in Sources */,
				2304980D291D9CA900CD661A /* SwiftUI_DemoApp.swift in Sources */,
				2304981F291D9E0200CD661A /* FilterViewCell.swift in Sources */,
			);
			runOnlyForDeploymentPostprocessing = 0;
		};
		231DF6F629468C2600287717 /* Sources */ = {
			isa = PBXSourcesBuildPhase;
			buildActionMask = 2147483647;
			files = (
				231DF6FF29468C2600287717 /* ViewController.swift in Sources */,
				231DF6FD29468C2600287717 /* AppDelegate.swift in Sources */,
				231DF70C294695EF00287717 /* countries.swift in Sources */,
			);
			runOnlyForDeploymentPostprocessing = 0;
		};
		2322B8FD26A8D92B0034EB75 /* Sources */ = {
			isa = PBXSourcesBuildPhase;
			buildActionMask = 2147483647;
			files = (
				23C6E93126AFAF3E00FBF106 /* FilterCellQuickViewSwiftUI.swift in Sources */,
				233CC5D226BE2E36001027E6 /* DSFAppKitBuilderCell.swift in Sources */,
				2322B91926A8DAAF0034EB75 /* FilterCellQuickView.swift in Sources */,
				2322B90526A8D92B0034EB75 /* AppDelegate.swift in Sources */,
				2322B91526A8D9F80034EB75 /* SampleData.swift in Sources */,
			);
			runOnlyForDeploymentPostprocessing = 0;
		};
		235DFFB928C043F900FFB8BF /* Sources */ = {
			isa = PBXSourcesBuildPhase;
			buildActionMask = 2147483647;
			files = (
				235DFFC228C043F900FFB8BF /* ViewController.swift in Sources */,
				2349CAFC28D0061400EE1A40 /* InsetsView.swift in Sources */,
				235DFFC028C043F900FFB8BF /* AppDelegate.swift in Sources */,
			);
			runOnlyForDeploymentPostprocessing = 0;
		};
		239A39A5291C634C0050093F /* Sources */ = {
			isa = PBXSourcesBuildPhase;
			buildActionMask = 2147483647;
			files = (
				239A39AE291C634C0050093F /* ViewController.swift in Sources */,
				239A39BB291C88320050093F /* MetadataSearch.swift in Sources */,
				239A39AC291C634C0050093F /* AppDelegate.swift in Sources */,
			);
			runOnlyForDeploymentPostprocessing = 0;
		};
/* End PBXSourcesBuildPhase section */

/* Begin PBXTargetDependency section */
		23049821291E190600CD661A /* PBXTargetDependency */ = {
			isa = PBXTargetDependency;
			target = 23049809291D9CA900CD661A /* SwiftUI Demo */;
			targetProxy = 23049820291E190600CD661A /* PBXContainerItemProxy */;
		};
		231DF70E2946AD0D00287717 /* PBXTargetDependency */ = {
			isa = PBXTargetDependency;
			target = 231DF6F929468C2600287717 /* StatusBar Item Demo */;
			targetProxy = 231DF70D2946AD0D00287717 /* PBXContainerItemProxy */;
		};
		2349CAF728D0023200EE1A40 /* PBXTargetDependency */ = {
			isa = PBXTargetDependency;
			target = 2322B90026A8D92B0034EB75 /* Simple Demo */;
			targetProxy = 2349CAF628D0023200EE1A40 /* PBXContainerItemProxy */;
		};
		2349CAF928D0023500EE1A40 /* PBXTargetDependency */ = {
			isa = PBXTargetDependency;
			target = 235DFFBC28C043F900FFB8BF /* Doco Demo */;
			targetProxy = 2349CAF828D0023500EE1A40 /* PBXContainerItemProxy */;
		};
		239A39BD291C8FF70050093F /* PBXTargetDependency */ = {
			isa = PBXTargetDependency;
			target = 239A39A8291C634C0050093F /* FauxSpotlight */;
			targetProxy = 239A39BC291C8FF70050093F /* PBXContainerItemProxy */;
		};
/* End PBXTargetDependency section */

/* Begin PBXVariantGroup section */
		231DF70229468C2900287717 /* Main.storyboard */ = {
			isa = PBXVariantGroup;
			children = (
				231DF70329468C2900287717 /* Base */,
			);
			name = Main.storyboard;
			sourceTree = "<group>";
		};
		2322B90826A8D92C0034EB75 /* MainMenu.xib */ = {
			isa = PBXVariantGroup;
			children = (
				2322B90926A8D92C0034EB75 /* Base */,
			);
			name = MainMenu.xib;
			sourceTree = "<group>";
		};
		235DFFC528C043FA00FFB8BF /* Main.storyboard */ = {
			isa = PBXVariantGroup;
			children = (
				235DFFC628C043FA00FFB8BF /* Base */,
			);
			name = Main.storyboard;
			sourceTree = "<group>";
		};
		239A39B1291C634D0050093F /* Main.storyboard */ = {
			isa = PBXVariantGroup;
			children = (
				239A39B2291C634D0050093F /* Base */,
			);
			name = Main.storyboard;
			sourceTree = "<group>";
		};
/* End PBXVariantGroup section */

/* Begin XCBuildConfiguration section */
		23049816291D9CAA00CD661A /* Debug */ = {
			isa = XCBuildConfiguration;
			buildSettings = {
				ASSETCATALOG_COMPILER_APPICON_NAME = AppIcon;
				ASSETCATALOG_COMPILER_GLOBAL_ACCENT_COLOR_NAME = AccentColor;
				CLANG_CXX_LANGUAGE_STANDARD = "gnu++20";
				CODE_SIGN_ENTITLEMENTS = "SwiftUI Demo/SwiftUI_Demo.entitlements";
				CODE_SIGN_STYLE = Automatic;
				COMBINE_HIDPI_IMAGES = YES;
				CURRENT_PROJECT_VERSION = 1;
				DEVELOPMENT_ASSET_PATHS = "\"SwiftUI Demo/Preview Content\"";
				DEVELOPMENT_TEAM = 3L6RK3LGGW;
				ENABLE_HARDENED_RUNTIME = YES;
				ENABLE_PREVIEWS = YES;
				GENERATE_INFOPLIST_FILE = YES;
				INFOPLIST_KEY_NSHumanReadableCopyright = "";
				LD_RUNPATH_SEARCH_PATHS = (
					"$(inherited)",
					"@executable_path/../Frameworks",
				);
				MACOSX_DEPLOYMENT_TARGET = 13.0;
				MARKETING_VERSION = 1.0;
				PRODUCT_BUNDLE_IDENTIFIER = "org.dagronf.dsfquickactionbar.SwiftUI-Demo";
				PRODUCT_NAME = "$(TARGET_NAME)";
				SWIFT_EMIT_LOC_STRINGS = YES;
				SWIFT_VERSION = 5.0;
			};
			name = Debug;
		};
		23049817291D9CAA00CD661A /* Release */ = {
			isa = XCBuildConfiguration;
			buildSettings = {
				ASSETCATALOG_COMPILER_APPICON_NAME = AppIcon;
				ASSETCATALOG_COMPILER_GLOBAL_ACCENT_COLOR_NAME = AccentColor;
				CLANG_CXX_LANGUAGE_STANDARD = "gnu++20";
				CODE_SIGN_ENTITLEMENTS = "SwiftUI Demo/SwiftUI_Demo.entitlements";
				CODE_SIGN_STYLE = Automatic;
				COMBINE_HIDPI_IMAGES = YES;
				CURRENT_PROJECT_VERSION = 1;
				DEVELOPMENT_ASSET_PATHS = "\"SwiftUI Demo/Preview Content\"";
				DEVELOPMENT_TEAM = 3L6RK3LGGW;
				ENABLE_HARDENED_RUNTIME = YES;
				ENABLE_PREVIEWS = YES;
				GENERATE_INFOPLIST_FILE = YES;
				INFOPLIST_KEY_NSHumanReadableCopyright = "";
				LD_RUNPATH_SEARCH_PATHS = (
					"$(inherited)",
					"@executable_path/../Frameworks",
				);
				MACOSX_DEPLOYMENT_TARGET = 13.0;
				MARKETING_VERSION = 1.0;
				PRODUCT_BUNDLE_IDENTIFIER = "org.dagronf.dsfquickactionbar.SwiftUI-Demo";
				PRODUCT_NAME = "$(TARGET_NAME)";
				SWIFT_EMIT_LOC_STRINGS = YES;
				SWIFT_VERSION = 5.0;
			};
			name = Release;
		};
		231DF70629468C2900287717 /* Debug */ = {
			isa = XCBuildConfiguration;
			buildSettings = {
				ASSETCATALOG_COMPILER_APPICON_NAME = AppIcon;
				ASSETCATALOG_COMPILER_GLOBAL_ACCENT_COLOR_NAME = AccentColor;
				CLANG_CXX_LANGUAGE_STANDARD = "gnu++20";
				CODE_SIGN_ENTITLEMENTS = "StatusBar Item Demo/StatusBar_Item_Demo.entitlements";
				CODE_SIGN_STYLE = Automatic;
				COMBINE_HIDPI_IMAGES = YES;
				CURRENT_PROJECT_VERSION = 1;
				DEVELOPMENT_TEAM = 3L6RK3LGGW;
				ENABLE_HARDENED_RUNTIME = YES;
				GENERATE_INFOPLIST_FILE = YES;
				INFOPLIST_KEY_LSUIElement = YES;
				INFOPLIST_KEY_NSHumanReadableCopyright = "";
				INFOPLIST_KEY_NSMainStoryboardFile = Main;
				INFOPLIST_KEY_NSPrincipalClass = NSApplication;
				LD_RUNPATH_SEARCH_PATHS = (
					"$(inherited)",
					"@executable_path/../Frameworks",
				);
				MACOSX_DEPLOYMENT_TARGET = 11.0;
				MARKETING_VERSION = 1.0;
				PRODUCT_BUNDLE_IDENTIFIER = "org.dagronf.StatusBar-Item-Demo";
				PRODUCT_NAME = "$(TARGET_NAME)";
				SWIFT_EMIT_LOC_STRINGS = YES;
				SWIFT_VERSION = 5.0;
			};
			name = Debug;
		};
		231DF70729468C2900287717 /* Release */ = {
			isa = XCBuildConfiguration;
			buildSettings = {
				ASSETCATALOG_COMPILER_APPICON_NAME = AppIcon;
				ASSETCATALOG_COMPILER_GLOBAL_ACCENT_COLOR_NAME = AccentColor;
				CLANG_CXX_LANGUAGE_STANDARD = "gnu++20";
				CODE_SIGN_ENTITLEMENTS = "StatusBar Item Demo/StatusBar_Item_Demo.entitlements";
				CODE_SIGN_STYLE = Automatic;
				COMBINE_HIDPI_IMAGES = YES;
				CURRENT_PROJECT_VERSION = 1;
				DEVELOPMENT_TEAM = 3L6RK3LGGW;
				ENABLE_HARDENED_RUNTIME = YES;
				GENERATE_INFOPLIST_FILE = YES;
				INFOPLIST_KEY_LSUIElement = YES;
				INFOPLIST_KEY_NSHumanReadableCopyright = "";
				INFOPLIST_KEY_NSMainStoryboardFile = Main;
				INFOPLIST_KEY_NSPrincipalClass = NSApplication;
				LD_RUNPATH_SEARCH_PATHS = (
					"$(inherited)",
					"@executable_path/../Frameworks",
				);
				MACOSX_DEPLOYMENT_TARGET = 11.0;
				MARKETING_VERSION = 1.0;
				PRODUCT_BUNDLE_IDENTIFIER = "org.dagronf.StatusBar-Item-Demo";
				PRODUCT_NAME = "$(TARGET_NAME)";
				SWIFT_EMIT_LOC_STRINGS = YES;
				SWIFT_VERSION = 5.0;
			};
			name = Release;
		};
		2322B90B26A8D92C0034EB75 /* Debug */ = {
			isa = XCBuildConfiguration;
			buildSettings = {
				ALWAYS_SEARCH_USER_PATHS = NO;
				CLANG_ANALYZER_NONNULL = YES;
				CLANG_ANALYZER_NUMBER_OBJECT_CONVERSION = YES_AGGRESSIVE;
				CLANG_CXX_LANGUAGE_STANDARD = "gnu++14";
				CLANG_CXX_LIBRARY = "libc++";
				CLANG_ENABLE_MODULES = YES;
				CLANG_ENABLE_OBJC_ARC = YES;
				CLANG_ENABLE_OBJC_WEAK = YES;
				CLANG_WARN_BLOCK_CAPTURE_AUTORELEASING = YES;
				CLANG_WARN_BOOL_CONVERSION = YES;
				CLANG_WARN_COMMA = YES;
				CLANG_WARN_CONSTANT_CONVERSION = YES;
				CLANG_WARN_DEPRECATED_OBJC_IMPLEMENTATIONS = YES;
				CLANG_WARN_DIRECT_OBJC_ISA_USAGE = YES_ERROR;
				CLANG_WARN_DOCUMENTATION_COMMENTS = YES;
				CLANG_WARN_EMPTY_BODY = YES;
				CLANG_WARN_ENUM_CONVERSION = YES;
				CLANG_WARN_INFINITE_RECURSION = YES;
				CLANG_WARN_INT_CONVERSION = YES;
				CLANG_WARN_NON_LITERAL_NULL_CONVERSION = YES;
				CLANG_WARN_OBJC_IMPLICIT_RETAIN_SELF = YES;
				CLANG_WARN_OBJC_LITERAL_CONVERSION = YES;
				CLANG_WARN_OBJC_ROOT_CLASS = YES_ERROR;
				CLANG_WARN_QUOTED_INCLUDE_IN_FRAMEWORK_HEADER = YES;
				CLANG_WARN_RANGE_LOOP_ANALYSIS = YES;
				CLANG_WARN_STRICT_PROTOTYPES = YES;
				CLANG_WARN_SUSPICIOUS_MOVE = YES;
				CLANG_WARN_UNGUARDED_AVAILABILITY = YES_AGGRESSIVE;
				CLANG_WARN_UNREACHABLE_CODE = YES;
				CLANG_WARN__DUPLICATE_METHOD_MATCH = YES;
				COPY_PHASE_STRIP = NO;
				DEAD_CODE_STRIPPING = YES;
				DEBUG_INFORMATION_FORMAT = dwarf;
				ENABLE_STRICT_OBJC_MSGSEND = YES;
				ENABLE_TESTABILITY = YES;
				GCC_C_LANGUAGE_STANDARD = gnu11;
				GCC_DYNAMIC_NO_PIC = NO;
				GCC_NO_COMMON_BLOCKS = YES;
				GCC_OPTIMIZATION_LEVEL = 0;
				GCC_PREPROCESSOR_DEFINITIONS = (
					"DEBUG=1",
					"$(inherited)",
				);
				GCC_WARN_64_TO_32_BIT_CONVERSION = YES;
				GCC_WARN_ABOUT_RETURN_TYPE = YES_ERROR;
				GCC_WARN_UNDECLARED_SELECTOR = YES;
				GCC_WARN_UNINITIALIZED_AUTOS = YES_AGGRESSIVE;
				GCC_WARN_UNUSED_FUNCTION = YES;
				GCC_WARN_UNUSED_VARIABLE = YES;
				MACOSX_DEPLOYMENT_TARGET = 10.13;
				MTL_ENABLE_DEBUG_INFO = INCLUDE_SOURCE;
				MTL_FAST_MATH = YES;
				ONLY_ACTIVE_ARCH = YES;
				SDKROOT = macosx;
				SWIFT_ACTIVE_COMPILATION_CONDITIONS = DEBUG;
				SWIFT_OPTIMIZATION_LEVEL = "-Onone";
			};
			name = Debug;
		};
		2322B90C26A8D92C0034EB75 /* Release */ = {
			isa = XCBuildConfiguration;
			buildSettings = {
				ALWAYS_SEARCH_USER_PATHS = NO;
				CLANG_ANALYZER_NONNULL = YES;
				CLANG_ANALYZER_NUMBER_OBJECT_CONVERSION = YES_AGGRESSIVE;
				CLANG_CXX_LANGUAGE_STANDARD = "gnu++14";
				CLANG_CXX_LIBRARY = "libc++";
				CLANG_ENABLE_MODULES = YES;
				CLANG_ENABLE_OBJC_ARC = YES;
				CLANG_ENABLE_OBJC_WEAK = YES;
				CLANG_WARN_BLOCK_CAPTURE_AUTORELEASING = YES;
				CLANG_WARN_BOOL_CONVERSION = YES;
				CLANG_WARN_COMMA = YES;
				CLANG_WARN_CONSTANT_CONVERSION = YES;
				CLANG_WARN_DEPRECATED_OBJC_IMPLEMENTATIONS = YES;
				CLANG_WARN_DIRECT_OBJC_ISA_USAGE = YES_ERROR;
				CLANG_WARN_DOCUMENTATION_COMMENTS = YES;
				CLANG_WARN_EMPTY_BODY = YES;
				CLANG_WARN_ENUM_CONVERSION = YES;
				CLANG_WARN_INFINITE_RECURSION = YES;
				CLANG_WARN_INT_CONVERSION = YES;
				CLANG_WARN_NON_LITERAL_NULL_CONVERSION = YES;
				CLANG_WARN_OBJC_IMPLICIT_RETAIN_SELF = YES;
				CLANG_WARN_OBJC_LITERAL_CONVERSION = YES;
				CLANG_WARN_OBJC_ROOT_CLASS = YES_ERROR;
				CLANG_WARN_QUOTED_INCLUDE_IN_FRAMEWORK_HEADER = YES;
				CLANG_WARN_RANGE_LOOP_ANALYSIS = YES;
				CLANG_WARN_STRICT_PROTOTYPES = YES;
				CLANG_WARN_SUSPICIOUS_MOVE = YES;
				CLANG_WARN_UNGUARDED_AVAILABILITY = YES_AGGRESSIVE;
				CLANG_WARN_UNREACHABLE_CODE = YES;
				CLANG_WARN__DUPLICATE_METHOD_MATCH = YES;
				COPY_PHASE_STRIP = NO;
				DEAD_CODE_STRIPPING = YES;
				DEBUG_INFORMATION_FORMAT = "dwarf-with-dsym";
				ENABLE_NS_ASSERTIONS = NO;
				ENABLE_STRICT_OBJC_MSGSEND = YES;
				GCC_C_LANGUAGE_STANDARD = gnu11;
				GCC_NO_COMMON_BLOCKS = YES;
				GCC_WARN_64_TO_32_BIT_CONVERSION = YES;
				GCC_WARN_ABOUT_RETURN_TYPE = YES_ERROR;
				GCC_WARN_UNDECLARED_SELECTOR = YES;
				GCC_WARN_UNINITIALIZED_AUTOS = YES_AGGRESSIVE;
				GCC_WARN_UNUSED_FUNCTION = YES;
				GCC_WARN_UNUSED_VARIABLE = YES;
				MACOSX_DEPLOYMENT_TARGET = 10.13;
				MTL_ENABLE_DEBUG_INFO = NO;
				MTL_FAST_MATH = YES;
				SDKROOT = macosx;
				SWIFT_COMPILATION_MODE = wholemodule;
				SWIFT_OPTIMIZATION_LEVEL = "-O";
			};
			name = Release;
		};
		2322B90E26A8D92C0034EB75 /* Debug */ = {
			isa = XCBuildConfiguration;
			buildSettings = {
				ALWAYS_EMBED_SWIFT_STANDARD_LIBRARIES = YES;
				ASSETCATALOG_COMPILER_APPICON_NAME = AppIcon;
				ASSETCATALOG_COMPILER_GLOBAL_ACCENT_COLOR_NAME = AccentColor;
				BUILD_LIBRARY_FOR_DISTRIBUTION = NO;
				CODE_SIGN_IDENTITY = "-";
				CODE_SIGN_STYLE = Automatic;
				COMBINE_HIDPI_IMAGES = YES;
				CURRENT_PROJECT_VERSION = 1;
				DEAD_CODE_STRIPPING = YES;
				ENABLE_APP_SANDBOX = YES;
				ENABLE_USER_SELECTED_FILES = readonly;
				GENERATE_INFOPLIST_FILE = YES;
				INFOPLIST_FILE = Info.plist;
				INFOPLIST_KEY_LSApplicationCategoryType = "public.app-category.utilities";
				INFOPLIST_KEY_NSHumanReadableCopyright = "";
				INFOPLIST_KEY_NSMainNibFile = MainMenu;
				INFOPLIST_KEY_NSPrincipalClass = NSApplication;
				LD_RUNPATH_SEARCH_PATHS = (
					"$(inherited)",
					"@executable_path/../Frameworks",
				);
				LIBRARY_SEARCH_PATHS = (
					"$(inherited)",
					"$(SDKROOT)/usr/lib/swift",
				);
				MACOSX_DEPLOYMENT_TARGET = 10.13;
				MARKETING_VERSION = 1.0;
				PRODUCT_BUNDLE_IDENTIFIER = "com.dagronf.dsfquickbar.simpledemo.Simple-Demo";
				PRODUCT_NAME = "$(TARGET_NAME)";
				SWIFT_EMIT_LOC_STRINGS = YES;
				SWIFT_VERSION = 5.0;
			};
			name = Debug;
		};
		2322B90F26A8D92C0034EB75 /* Release */ = {
			isa = XCBuildConfiguration;
			buildSettings = {
				ALWAYS_EMBED_SWIFT_STANDARD_LIBRARIES = YES;
				ASSETCATALOG_COMPILER_APPICON_NAME = AppIcon;
				ASSETCATALOG_COMPILER_GLOBAL_ACCENT_COLOR_NAME = AccentColor;
				BUILD_LIBRARY_FOR_DISTRIBUTION = NO;
				CODE_SIGN_IDENTITY = "-";
				CODE_SIGN_STYLE = Automatic;
				COMBINE_HIDPI_IMAGES = YES;
				CURRENT_PROJECT_VERSION = 1;
				DEAD_CODE_STRIPPING = YES;
				ENABLE_APP_SANDBOX = YES;
				ENABLE_USER_SELECTED_FILES = readonly;
				GENERATE_INFOPLIST_FILE = YES;
				INFOPLIST_FILE = Info.plist;
				INFOPLIST_KEY_LSApplicationCategoryType = "public.app-category.utilities";
				INFOPLIST_KEY_NSHumanReadableCopyright = "";
				INFOPLIST_KEY_NSMainNibFile = MainMenu;
				INFOPLIST_KEY_NSPrincipalClass = NSApplication;
				LD_RUNPATH_SEARCH_PATHS = (
					"$(inherited)",
					"@executable_path/../Frameworks",
				);
				LIBRARY_SEARCH_PATHS = (
					"$(inherited)",
					"$(SDKROOT)/usr/lib/swift",
				);
				MACOSX_DEPLOYMENT_TARGET = 10.13;
				MARKETING_VERSION = 1.0;
				PRODUCT_BUNDLE_IDENTIFIER = "com.dagronf.dsfquickbar.simpledemo.Simple-Demo";
				PRODUCT_NAME = "$(TARGET_NAME)";
				SWIFT_EMIT_LOC_STRINGS = YES;
				SWIFT_VERSION = 5.0;
			};
			name = Release;
		};
		2349CAF328D0022800EE1A40 /* Debug */ = {
			isa = XCBuildConfiguration;
			buildSettings = {
				CODE_SIGN_STYLE = Automatic;
				DEAD_CODE_STRIPPING = YES;
				DEVELOPMENT_TEAM = 3L6RK3LGGW;
				MACOSX_DEPLOYMENT_TARGET = "$(RECOMMENDED_MACOSX_DEPLOYMENT_TARGET)";
				PRODUCT_NAME = "$(TARGET_NAME)";
			};
			name = Debug;
		};
		2349CAF428D0022800EE1A40 /* Release */ = {
			isa = XCBuildConfiguration;
			buildSettings = {
				CODE_SIGN_STYLE = Automatic;
				DEAD_CODE_STRIPPING = YES;
				DEVELOPMENT_TEAM = 3L6RK3LGGW;
				MACOSX_DEPLOYMENT_TARGET = "$(RECOMMENDED_MACOSX_DEPLOYMENT_TARGET)";
				PRODUCT_NAME = "$(TARGET_NAME)";
			};
			name = Release;
		};
		235DFFC928C043FA00FFB8BF /* Debug */ = {
			isa = XCBuildConfiguration;
			buildSettings = {
				ALWAYS_EMBED_SWIFT_STANDARD_LIBRARIES = YES;
				ASSETCATALOG_COMPILER_APPICON_NAME = AppIcon;
				ASSETCATALOG_COMPILER_GLOBAL_ACCENT_COLOR_NAME = AccentColor;
				CLANG_CXX_LANGUAGE_STANDARD = "gnu++20";
				CODE_SIGN_ENTITLEMENTS = "Doco Demo/Doco_Demo.entitlements";
				CODE_SIGN_IDENTITY = "-";
				CODE_SIGN_STYLE = Automatic;
				COMBINE_HIDPI_IMAGES = YES;
				CURRENT_PROJECT_VERSION = 1;
				DEAD_CODE_STRIPPING = YES;
				DEVELOPMENT_TEAM = "";
				ENABLE_HARDENED_RUNTIME = YES;
				GENERATE_INFOPLIST_FILE = YES;
				INFOPLIST_KEY_LSApplicationCategoryType = "public.app-category.utilities";
				INFOPLIST_KEY_NSHumanReadableCopyright = "";
				INFOPLIST_KEY_NSMainStoryboardFile = Main;
				INFOPLIST_KEY_NSPrincipalClass = NSApplication;
				LD_RUNPATH_SEARCH_PATHS = (
					"$(inherited)",
					"@executable_path/../Frameworks",
				);
				LIBRARY_SEARCH_PATHS = (
					"$(inherited)",
					"$(SDKROOT)/usr/lib/swift",
				);
				MACOSX_DEPLOYMENT_TARGET = 10.13;
				MARKETING_VERSION = 1.0;
				PRODUCT_BUNDLE_IDENTIFIER = "org.dagronf.dsfquickbar.Doco-Demo";
				PRODUCT_NAME = "$(TARGET_NAME)";
				SWIFT_EMIT_LOC_STRINGS = YES;
				SWIFT_VERSION = 5.0;
			};
			name = Debug;
		};
		235DFFCA28C043FA00FFB8BF /* Release */ = {
			isa = XCBuildConfiguration;
			buildSettings = {
				ALWAYS_EMBED_SWIFT_STANDARD_LIBRARIES = YES;
				ASSETCATALOG_COMPILER_APPICON_NAME = AppIcon;
				ASSETCATALOG_COMPILER_GLOBAL_ACCENT_COLOR_NAME = AccentColor;
				CLANG_CXX_LANGUAGE_STANDARD = "gnu++20";
				CODE_SIGN_ENTITLEMENTS = "Doco Demo/Doco_Demo.entitlements";
				CODE_SIGN_IDENTITY = "-";
				CODE_SIGN_STYLE = Automatic;
				COMBINE_HIDPI_IMAGES = YES;
				CURRENT_PROJECT_VERSION = 1;
				DEAD_CODE_STRIPPING = YES;
				DEVELOPMENT_TEAM = "";
				ENABLE_HARDENED_RUNTIME = YES;
				GENERATE_INFOPLIST_FILE = YES;
				INFOPLIST_KEY_LSApplicationCategoryType = "public.app-category.utilities";
				INFOPLIST_KEY_NSHumanReadableCopyright = "";
				INFOPLIST_KEY_NSMainStoryboardFile = Main;
				INFOPLIST_KEY_NSPrincipalClass = NSApplication;
				LD_RUNPATH_SEARCH_PATHS = (
					"$(inherited)",
					"@executable_path/../Frameworks",
				);
				LIBRARY_SEARCH_PATHS = (
					"$(inherited)",
					"$(SDKROOT)/usr/lib/swift",
				);
				MACOSX_DEPLOYMENT_TARGET = 10.13;
				MARKETING_VERSION = 1.0;
				PRODUCT_BUNDLE_IDENTIFIER = "org.dagronf.dsfquickbar.Doco-Demo";
				PRODUCT_NAME = "$(TARGET_NAME)";
				SWIFT_EMIT_LOC_STRINGS = YES;
				SWIFT_VERSION = 5.0;
			};
			name = Release;
		};
		239A39B5291C634D0050093F /* Debug */ = {
			isa = XCBuildConfiguration;
			buildSettings = {
				ASSETCATALOG_COMPILER_APPICON_NAME = AppIcon;
				ASSETCATALOG_COMPILER_GLOBAL_ACCENT_COLOR_NAME = AccentColor;
				CLANG_CXX_LANGUAGE_STANDARD = "gnu++20";
				CODE_SIGN_ENTITLEMENTS = FauxSpotlight/FauxSpotlight.entitlements;
				CODE_SIGN_STYLE = Automatic;
				COMBINE_HIDPI_IMAGES = YES;
				CURRENT_PROJECT_VERSION = 1;
				DEVELOPMENT_TEAM = 3L6RK3LGGW;
				ENABLE_HARDENED_RUNTIME = YES;
				GENERATE_INFOPLIST_FILE = YES;
				INFOPLIST_KEY_NSHumanReadableCopyright = "";
				INFOPLIST_KEY_NSMainStoryboardFile = Main;
				INFOPLIST_KEY_NSPrincipalClass = NSApplication;
				LD_RUNPATH_SEARCH_PATHS = (
					"$(inherited)",
					"@executable_path/../Frameworks",
				);
				MACOSX_DEPLOYMENT_TARGET = 10.13;
				MARKETING_VERSION = 1.0;
				PRODUCT_BUNDLE_IDENTIFIER = org.dagronf.FauxSpotlight;
				PRODUCT_NAME = "$(TARGET_NAME)";
				SWIFT_EMIT_LOC_STRINGS = YES;
				SWIFT_VERSION = 5.0;
			};
			name = Debug;
		};
		239A39B6291C634D0050093F /* Release */ = {
			isa = XCBuildConfiguration;
			buildSettings = {
				ASSETCATALOG_COMPILER_APPICON_NAME = AppIcon;
				ASSETCATALOG_COMPILER_GLOBAL_ACCENT_COLOR_NAME = AccentColor;
				CLANG_CXX_LANGUAGE_STANDARD = "gnu++20";
				CODE_SIGN_ENTITLEMENTS = FauxSpotlight/FauxSpotlight.entitlements;
				CODE_SIGN_STYLE = Automatic;
				COMBINE_HIDPI_IMAGES = YES;
				CURRENT_PROJECT_VERSION = 1;
				DEVELOPMENT_TEAM = 3L6RK3LGGW;
				ENABLE_HARDENED_RUNTIME = YES;
				GENERATE_INFOPLIST_FILE = YES;
				INFOPLIST_KEY_NSHumanReadableCopyright = "";
				INFOPLIST_KEY_NSMainStoryboardFile = Main;
				INFOPLIST_KEY_NSPrincipalClass = NSApplication;
				LD_RUNPATH_SEARCH_PATHS = (
					"$(inherited)",
					"@executable_path/../Frameworks",
				);
				MACOSX_DEPLOYMENT_TARGET = 10.13;
				MARKETING_VERSION = 1.0;
				PRODUCT_BUNDLE_IDENTIFIER = org.dagronf.FauxSpotlight;
				PRODUCT_NAME = "$(TARGET_NAME)";
				SWIFT_EMIT_LOC_STRINGS = YES;
				SWIFT_VERSION = 5.0;
			};
			name = Release;
		};
/* End XCBuildConfiguration section */

/* Begin XCConfigurationList section */
		23049818291D9CAA00CD661A /* Build configuration list for PBXNativeTarget "SwiftUI Demo" */ = {
			isa = XCConfigurationList;
			buildConfigurations = (
				23049816291D9CAA00CD661A /* Debug */,
				23049817291D9CAA00CD661A /* Release */,
			);
			defaultConfigurationIsVisible = 0;
			defaultConfigurationName = Release;
		};
		231DF70829468C2900287717 /* Build configuration list for PBXNativeTarget "StatusBar Item Demo" */ = {
			isa = XCConfigurationList;
			buildConfigurations = (
				231DF70629468C2900287717 /* Debug */,
				231DF70729468C2900287717 /* Release */,
			);
			defaultConfigurationIsVisible = 0;
			defaultConfigurationName = Release;
		};
		2322B8FC26A8D92B0034EB75 /* Build configuration list for PBXProject "Simple Demo" */ = {
			isa = XCConfigurationList;
			buildConfigurations = (
				2322B90B26A8D92C0034EB75 /* Debug */,
				2322B90C26A8D92C0034EB75 /* Release */,
			);
			defaultConfigurationIsVisible = 0;
			defaultConfigurationName = Release;
		};
		2322B90D26A8D92C0034EB75 /* Build configuration list for PBXNativeTarget "Simple Demo" */ = {
			isa = XCConfigurationList;
			buildConfigurations = (
				2322B90E26A8D92C0034EB75 /* Debug */,
				2322B90F26A8D92C0034EB75 /* Release */,
			);
			defaultConfigurationIsVisible = 0;
			defaultConfigurationName = Release;
		};
		2349CAF528D0022800EE1A40 /* Build configuration list for PBXAggregateTarget "qab_all" */ = {
			isa = XCConfigurationList;
			buildConfigurations = (
				2349CAF328D0022800EE1A40 /* Debug */,
				2349CAF428D0022800EE1A40 /* Release */,
			);
			defaultConfigurationIsVisible = 0;
			defaultConfigurationName = Release;
		};
		235DFFCB28C043FA00FFB8BF /* Build configuration list for PBXNativeTarget "Doco Demo" */ = {
			isa = XCConfigurationList;
			buildConfigurations = (
				235DFFC928C043FA00FFB8BF /* Debug */,
				235DFFCA28C043FA00FFB8BF /* Release */,
			);
			defaultConfigurationIsVisible = 0;
			defaultConfigurationName = Release;
		};
		239A39B7291C634D0050093F /* Build configuration list for PBXNativeTarget "FauxSpotlight" */ = {
			isa = XCConfigurationList;
			buildConfigurations = (
				239A39B5291C634D0050093F /* Debug */,
				239A39B6291C634D0050093F /* Release */,
			);
			defaultConfigurationIsVisible = 0;
			defaultConfigurationName = Release;
		};
/* End XCConfigurationList section */

/* Begin XCRemoteSwiftPackageReference section */
		236B513426C1FE500003D6A3 /* XCRemoteSwiftPackageReference "DSFAppKitBuilder" */ = {
			isa = XCRemoteSwiftPackageReference;
			repositoryURL = "https://github.com/dagronf/DSFAppKitBuilder";
			requirement = {
				kind = upToNextMajorVersion;
				minimumVersion = 8.0.0;
			};
		};
/* End XCRemoteSwiftPackageReference section */

/* Begin XCSwiftPackageProductDependency section */
		2304981C291D9D4200CD661A /* DSFQuickActionBar */ = {
			isa = XCSwiftPackageProductDependency;
			productName = DSFQuickActionBar;
		};
		231DF70929468CC200287717 /* DSFQuickActionBar-static */ = {
			isa = XCSwiftPackageProductDependency;
			productName = "DSFQuickActionBar-static";
		};
		2322B91226A8D9450034EB75 /* DSFQuickActionBar */ = {
			isa = XCSwiftPackageProductDependency;
			productName = DSFQuickActionBar;
		};
		235DFFCE28C044C300FFB8BF /* DSFQuickActionBar */ = {
			isa = XCSwiftPackageProductDependency;
			productName = DSFQuickActionBar;
		};
		236B513526C1FE500003D6A3 /* DSFAppKitBuilder */ = {
			isa = XCSwiftPackageProductDependency;
			package = 236B513426C1FE500003D6A3 /* XCRemoteSwiftPackageReference "DSFAppKitBuilder" */;
			productName = DSFAppKitBuilder;
		};
		239A39B8291C636D0050093F /* DSFQuickActionBar */ = {
			isa = XCSwiftPackageProductDependency;
			productName = DSFQuickActionBar;
		};
/* End XCSwiftPackageProductDependency section */
	};
	rootObject = 2322B8F926A8D92B0034EB75 /* Project object */;
}
